
Microsoft Visual Studio Solution File, Format Version 12.00
# Visual Studio 15
VisualStudioVersion = 15.0.27703.2047
MinimumVisualStudioVersion = 10.0.40219.1
Project("{FAE04EC0-301F-11D3-BF4B-00C04F79EFBC}") = "ToDo", "ToDo\ToDo.csproj", "{13A692F5-0233-4AC2-A0F4-B4364C54837A}"
EndProject
Project("{FAE04EC0-301F-11D3-BF4B-00C04F79EFBC}") = "ToDo.Tests", "ToDo.Tests\ToDo.Tests.csproj", "{748EA144-CD9F-4004-9FBB-AF0E9359B4E9}"
EndProject
Global
	GlobalSection(SolutionConfigurationPlatforms) = preSolution
		Debug|Any CPU = Debug|Any CPU
		Release|Any CPU = Release|Any CPU
	EndGlobalSection
	GlobalSection(ProjectConfigurationPlatforms) = postSolution
		{13A692F5-0233-4AC2-A0F4-B4364C54837A}.Debug|Any CPU.ActiveCfg = Debug|Any CPU
		{13A692F5-0233-4AC2-A0F4-B4364C54837A}.Debug|Any CPU.Build.0 = Debug|Any CPU
		{13A692F5-0233-4AC2-A0F4-B4364C54837A}.Release|Any CPU.ActiveCfg = Release|Any CPU
		{13A692F5-0233-4AC2-A0F4-B4364C54837A}.Release|Any CPU.Build.0 = Release|Any CPU
		{748EA144-CD9F-4004-9FBB-AF0E9359B4E9}.Debug|Any CPU.ActiveCfg = Debug|Any CPU
		{748EA144-CD9F-4004-9FBB-AF0E9359B4E9}.Debug|Any CPU.Build.0 = Debug|Any CPU
		{748EA144-CD9F-4004-9FBB-AF0E9359B4E9}.Release|Any CPU.ActiveCfg = Release|Any CPU
		{748EA144-CD9F-4004-9FBB-AF0E9359B4E9}.Release|Any CPU.Build.0 = Release|Any CPU
	EndGlobalSection
	GlobalSection(SolutionProperties) = preSolution
		HideSolutionNode = FALSE
	EndGlobalSection
	GlobalSection(ExtensibilityGlobals) = postSolution
		SolutionGuid = {D1034DAA-86B6-4F90-A415-4385E27949AA}
	EndGlobalSection
EndGlobal
